PODS:
  - YYCategories (1.0.4):
    - YYCategories/no-arc (= 1.0.4)
  - YYCategories/no-arc (1.0.4)

DEPENDENCIES:
  - YYCategories

SPEC REPOS:
  trunk:
    - YYCategories

SPEC CHECKSUMS:
  YYCategories: 6bcd4314c6661a561410dce4a793379ebd306abd

PODFILE CHECKSUM: e1f8774719a4e2e33a8f780e058f952ef54e732e

COCOAPODS: 1.9.1
